// !$*UTF8*$!
{
	archiveVersion = 1;
	classes = {
	};
	objectVersion = 50;
	objects = {

/* Begin PBXBuildFile section */
		F206F5732575B3B900F1A6DE /* pm0058_00_BodyBNor.png in Resources */ = {isa = PBXBuildFile; fileRef = F206F5672575B3B800F1A6DE /* pm0058_00_BodyBNor.png */; };
		F206F5742575B3B900F1A6DE /* pm0058_00_Iris1.png in Resources */ = {isa = PBXBuildFile; fileRef = F206F5682575B3B800F1A6DE /* pm0058_00_Iris1.png */; };
		F206F5752575B3B900F1A6DE /* pm0058_00_Eye1_Alpha.png in Resources */ = {isa = PBXBuildFile; fileRef = F206F5692575B3B800F1A6DE /* pm0058_00_Eye1_Alpha.png */; };
		F206F5762575B3B900F1A6DE /* pm0058_00_Eye1.png in Resources */ = {isa = PBXBuildFile; fileRef = F206F56A2575B3B900F1A6DE /* pm0058_00_Eye1.png */; };
		F206F5772575B3B900F1A6DE /* pm0058_00_BodyA2.png in Resources */ = {isa = PBXBuildFile; fileRef = F206F56B2575B3B900F1A6DE /* pm0058_00_BodyA2.png */; };
		F206F5782575B3B900F1A6DE /* pm0058_00_BodyANor.png in Resources */ = {isa = PBXBuildFile; fileRef = F206F56C2575B3B900F1A6DE /* pm0058_00_BodyANor.png */; };
		F206F5792575B3B900F1A6DE /* pm0058_00_BodyB1.png in Resources */ = {isa = PBXBuildFile; fileRef = F206F56D2575B3B900F1A6DE /* pm0058_00_BodyB1.png */; };
		F206F57A2575B3B900F1A6DE /* pm0058_00_Eye2.png in Resources */ = {isa = PBXBuildFile; fileRef = F206F56E2575B3B900F1A6DE /* pm0058_00_Eye2.png */; };
		F206F57B2575B3B900F1A6DE /* pm0058_00_Eye1_Merged.png in Resources */ = {isa = PBXBuildFile; fileRef = F206F56F2575B3B900F1A6DE /* pm0058_00_Eye1_Merged.png */; };
		F206F57C2575B3B900F1A6DE /* pm0058_00_BodyA1.png in Resources */ = {isa = PBXBuildFile; fileRef = F206F5702575B3B900F1A6DE /* pm0058_00_BodyA1.png */; };
		F206F57D2575B3B900F1A6DE /* pm0058_00_Iris2.png in Resources */ = {isa = PBXBuildFile; fileRef = F206F5712575B3B900F1A6DE /* pm0058_00_Iris2.png */; };
		F206F57E2575B3B900F1A6DE /* pm0058_00_EyeNor.png in Resources */ = {isa = PBXBuildFile; fileRef = F206F5722575B3B900F1A6DE /* pm0058_00_EyeNor.png */; };
		F206F5852575B3F500F1A6DE /* PMxxx1_00_fi_body.png in Resources */ = {isa = PBXBuildFile; fileRef = F206F5822575B3F500F1A6DE /* PMxxx1_00_fi_body.png */; };
		F206F5862575B3F500F1A6DE /* PMxxx1_00_fi_face.png in Resources */ = {isa = PBXBuildFile; fileRef = F206F5832575B3F500F1A6DE /* PMxxx1_00_fi_face.png */; };
		F206F5872575B3F500F1A6DE /* pmxxx1_00_fi_head.png in Resources */ = {isa = PBXBuildFile; fileRef = F206F5842575B3F500F1A6DE /* pmxxx1_00_fi_head.png */; };
		F206F59E2575B41800F1A6DE /* pm0025_00_Mouth1Id.png in Resources */ = {isa = PBXBuildFile; fileRef = F206F58B2575B41600F1A6DE /* pm0025_00_Mouth1Id.png */; };
		F206F59F2575B41800F1A6DE /* pm0025_00_BodyB1Id_F.png in Resources */ = {isa = PBXBuildFile; fileRef = F206F58C2575B41600F1A6DE /* pm0025_00_BodyB1Id_F.png */; };
		F206F5A02575B41800F1A6DE /* pm0025_00_BodyA1.png in Resources */ = {isa = PBXBuildFile; fileRef = F206F58D2575B41700F1A6DE /* pm0025_00_BodyA1.png */; };
		F206F5A12575B41800F1A6DE /* pm0025_00_BodyBNor_Alpha.png in Resources */ = {isa = PBXBuildFile; fileRef = F206F58E2575B41700F1A6DE /* pm0025_00_BodyBNor_Alpha.png */; };
		F206F5A22575B41800F1A6DE /* pm0025_00_BodyA1Id.png in Resources */ = {isa = PBXBuildFile; fileRef = F206F58F2575B41700F1A6DE /* pm0025_00_BodyA1Id.png */; };
		F206F5A32575B41800F1A6DE /* pm0025_00_Eye1.png in Resources */ = {isa = PBXBuildFile; fileRef = F206F5902575B41700F1A6DE /* pm0025_00_Eye1.png */; };
		F206F5A42575B41800F1A6DE /* pm0025_00_BodyB1Id.png in Resources */ = {isa = PBXBuildFile; fileRef = F206F5912575B41700F1A6DE /* pm0025_00_BodyB1Id.png */; };
		F206F5A52575B41800F1A6DE /* pm0025_00_BodyA1Id_F.png in Resources */ = {isa = PBXBuildFile; fileRef = F206F5922575B41700F1A6DE /* pm0025_00_BodyA1Id_F.png */; };
		F206F5A62575B41800F1A6DE /* pm0025_00_Eye1Id.png in Resources */ = {isa = PBXBuildFile; fileRef = F206F5932575B41700F1A6DE /* pm0025_00_Eye1Id.png */; };
		F206F5A72575B41800F1A6DE /* pm0025_00_MouthNor.png in Resources */ = {isa = PBXBuildFile; fileRef = F206F5942575B41700F1A6DE /* pm0025_00_MouthNor.png */; };
		F206F5A82575B41800F1A6DE /* pm0025_00_Mouth1.png in Resources */ = {isa = PBXBuildFile; fileRef = F206F5952575B41700F1A6DE /* pm0025_00_Mouth1.png */; };
		F206F5A92575B41800F1A6DE /* pm0025_00_EyeNor.png in Resources */ = {isa = PBXBuildFile; fileRef = F206F5962575B41700F1A6DE /* pm0025_00_EyeNor.png */; };
		F206F5AA2575B41800F1A6DE /* pm0025_00_Mouth1Id_F.png in Resources */ = {isa = PBXBuildFile; fileRef = F206F5972575B41800F1A6DE /* pm0025_00_Mouth1Id_F.png */; };
		F206F5AB2575B41800F1A6DE /* pm0025_00_BodyBNor.png in Resources */ = {isa = PBXBuildFile; fileRef = F206F5982575B41800F1A6DE /* pm0025_00_BodyBNor.png */; };
		F206F5AC2575B41800F1A6DE /* pm0025_00_BodyANor.png in Resources */ = {isa = PBXBuildFile; fileRef = F206F5992575B41800F1A6DE /* pm0025_00_BodyANor.png */; };
		F206F5AD2575B41800F1A6DE /* pm0025_00_BodyB1.png in Resources */ = {isa = PBXBuildFile; fileRef = F206F59A2575B41800F1A6DE /* pm0025_00_BodyB1.png */; };
		F206F5AE2575B41800F1A6DE /* pm0025_00_BodyANor_Alpha.png in Resources */ = {isa = PBXBuildFile; fileRef = F206F59B2575B41800F1A6DE /* pm0025_00_BodyANor_Alpha.png */; };
		F206F5AF2575B41800F1A6DE /* pm0025_00_BodyBInc.png in Resources */ = {isa = PBXBuildFile; fileRef = F206F59C2575B41800F1A6DE /* pm0025_00_BodyBInc.png */; };
		F206F5B02575B41800F1A6DE /* pm0025_00_Eye1Id_F.png in Resources */ = {isa = PBXBuildFile; fileRef = F206F59D2575B41800F1A6DE /* pm0025_00_Eye1Id_F.png */; };
		F206F5C42575B42A00F1A6DE /* pm0004_00_EyeNor.png in Resources */ = {isa = PBXBuildFile; fileRef = F206F5B42575B42900F1A6DE /* pm0004_00_EyeNor.png */; };
		F206F5C52575B42A00F1A6DE /* pm0004_00_Eye1.png in Resources */ = {isa = PBXBuildFile; fileRef = F206F5B52575B42900F1A6DE /* pm0004_00_Eye1.png */; };
		F206F5C62575B42A00F1A6DE /* pm0004_00_BodyNor_Alpha.png in Resources */ = {isa = PBXBuildFile; fileRef = F206F5B62575B42900F1A6DE /* pm0004_00_BodyNor_Alpha.png */; };
		F206F5C72575B42A00F1A6DE /* pm0004_00_FireStenA2.png in Resources */ = {isa = PBXBuildFile; fileRef = F206F5B72575B42900F1A6DE /* pm0004_00_FireStenA2.png */; };
		F206F5C82575B42A00F1A6DE /* pm0004_00_Body1.png in Resources */ = {isa = PBXBuildFile; fileRef = F206F5B82575B42900F1A6DE /* pm0004_00_Body1.png */; };
		F206F5C92575B42A00F1A6DE /* pm0004_00_FireStenA1Id.png in Resources */ = {isa = PBXBuildFile; fileRef = F206F5B92575B42900F1A6DE /* pm0004_00_FireStenA1Id.png */; };
		F206F5CA2575B42A00F1A6DE /* pm0004_00_FireStenA1.png in Resources */ = {isa = PBXBuildFile; fileRef = F206F5BA2575B42900F1A6DE /* pm0004_00_FireStenA1.png */; };
		F206F5CB2575B42A00F1A6DE /* pm0004_00_Eye1Id.png in Resources */ = {isa = PBXBuildFile; fileRef = F206F5BB2575B42900F1A6DE /* pm0004_00_Eye1Id.png */; };
		F206F5CC2575B42A00F1A6DE /* pm0004_00_FireCoreA2.png in Resources */ = {isa = PBXBuildFile; fileRef = F206F5BC2575B42A00F1A6DE /* pm0004_00_FireCoreA2.png */; };
		F206F5CD2575B42A00F1A6DE /* pm0004_00_Eye2.png in Resources */ = {isa = PBXBuildFile; fileRef = F206F5BD2575B42A00F1A6DE /* pm0004_00_Eye2.png */; };
		F206F5CE2575B42A00F1A6DE /* pm0004_00_Body1Id.png in Resources */ = {isa = PBXBuildFile; fileRef = F206F5BE2575B42A00F1A6DE /* pm0004_00_Body1Id.png */; };
		F206F5CF2575B42A00F1A6DE /* pm0004_00_FireCoreA1.png in Resources */ = {isa = PBXBuildFile; fileRef = F206F5BF2575B42A00F1A6DE /* pm0004_00_FireCoreA1.png */; };
		F206F5D02575B42A00F1A6DE /* pm0004_00_FireStenAMask.png in Resources */ = {isa = PBXBuildFile; fileRef = F206F5C02575B42A00F1A6DE /* pm0004_00_FireStenAMask.png */; };
		F206F5D12575B42A00F1A6DE /* pm0004_00_FireCoreA1Id.png in Resources */ = {isa = PBXBuildFile; fileRef = F206F5C12575B42A00F1A6DE /* pm0004_00_FireCoreA1Id.png */; };
		F206F5D22575B42A00F1A6DE /* pm0004_00_BodyNor.png in Resources */ = {isa = PBXBuildFile; fileRef = F206F5C22575B42A00F1A6DE /* pm0004_00_BodyNor.png */; };
		F206F5D32575B42A00F1A6DE /* pm0004_00_Body2.png in Resources */ = {isa = PBXBuildFile; fileRef = F206F5C32575B42A00F1A6DE /* pm0004_00_Body2.png */; };
		F206F5F92575B5D000F1A6DE /* pm0003_51_EyeNor.png in Resources */ = {isa = PBXBuildFile; fileRef = F206F5DD2575B5CD00F1A6DE /* pm0003_51_EyeNor.png */; };
		F206F5FA2575B5D000F1A6DE /* pm0003_00_BodyBNor_Alpha.png in Resources */ = {isa = PBXBuildFile; fileRef = F206F5DE2575B5CD00F1A6DE /* pm0003_00_BodyBNor_Alpha.png */; };
		F206F5FB2575B5D000F1A6DE /* pm0003_00_BodyB1Id_F.png in Resources */ = {isa = PBXBuildFile; fileRef = F206F5DF2575B5CD00F1A6DE /* pm0003_00_BodyB1Id_F.png */; };
		F206F5FC2575B5D000F1A6DE /* pm0003_00_BodyA1Id_F.png in Resources */ = {isa = PBXBuildFile; fileRef = F206F5E02575B5CD00F1A6DE /* pm0003_00_BodyA1Id_F.png */; };
		F206F5FD2575B5D000F1A6DE /* pm0003_51_BodyB1.png in Resources */ = {isa = PBXBuildFile; fileRef = F206F5E12575B5CD00F1A6DE /* pm0003_51_BodyB1.png */; };
		F206F5FE2575B5D000F1A6DE /* pm0003_00_BodyC1Id.png in Resources */ = {isa = PBXBuildFile; fileRef = F206F5E22575B5CD00F1A6DE /* pm0003_00_BodyC1Id.png */; };
		F206F5FF2575B5D000F1A6DE /* pm0003_00_BodyB1.png in Resources */ = {isa = PBXBuildFile; fileRef = F206F5E32575B5CD00F1A6DE /* pm0003_00_BodyB1.png */; };
		F206F6002575B5D000F1A6DE /* pm0003_00_BodyANor_Alpha.png in Resources */ = {isa = PBXBuildFile; fileRef = F206F5E42575B5CD00F1A6DE /* pm0003_00_BodyANor_Alpha.png */; };
		F206F6012575B5D000F1A6DE /* pm0003_00_Eye1Id_F.png in Resources */ = {isa = PBXBuildFile; fileRef = F206F5E52575B5CE00F1A6DE /* pm0003_00_Eye1Id_F.png */; };
		F206F6022575B5D000F1A6DE /* pm0003_00_BodyBMask.png in Resources */ = {isa = PBXBuildFile; fileRef = F206F5E62575B5CE00F1A6DE /* pm0003_00_BodyBMask.png */; };
		F206F6032575B5D000F1A6DE /* pm0003_00_BodyA1.png in Resources */ = {isa = PBXBuildFile; fileRef = F206F5E72575B5CE00F1A6DE /* pm0003_00_BodyA1.png */; };
		F206F6042575B5D000F1A6DE /* pm0003_51_BodyA1.png in Resources */ = {isa = PBXBuildFile; fileRef = F206F5E82575B5CE00F1A6DE /* pm0003_51_BodyA1.png */; };
		F206F6052575B5D000F1A6DE /* pm0003_51_BodyBMask.png in Resources */ = {isa = PBXBuildFile; fileRef = F206F5E92575B5CE00F1A6DE /* pm0003_51_BodyBMask.png */; };
		F206F6062575B5D000F1A6DE /* pm0003_51_Eye1.png in Resources */ = {isa = PBXBuildFile; fileRef = F206F5EA2575B5CE00F1A6DE /* pm0003_51_Eye1.png */; };
		F206F6072575B5D000F1A6DE /* pm0003_00_BodyCNor.png in Resources */ = {isa = PBXBuildFile; fileRef = F206F5EB2575B5CE00F1A6DE /* pm0003_00_BodyCNor.png */; };
		F206F6082575B5D000F1A6DE /* pm0003_00_BodyA1Id.png in Resources */ = {isa = PBXBuildFile; fileRef = F206F5EC2575B5CE00F1A6DE /* pm0003_00_BodyA1Id.png */; };
		F206F6092575B5D000F1A6DE /* pm0003_00_EyeNor.png in Resources */ = {isa = PBXBuildFile; fileRef = F206F5ED2575B5CE00F1A6DE /* pm0003_00_EyeNor.png */; };
		F206F60A2575B5D000F1A6DE /* pm0003_00_Eye1.png in Resources */ = {isa = PBXBuildFile; fileRef = F206F5EE2575B5CE00F1A6DE /* pm0003_00_Eye1.png */; };
		F206F60B2575B5D000F1A6DE /* pm0003_00_BodyB1Id.png in Resources */ = {isa = PBXBuildFile; fileRef = F206F5EF2575B5CF00F1A6DE /* pm0003_00_BodyB1Id.png */; };
		F206F60C2575B5D000F1A6DE /* pm0003_51_BodyBNor_Alpha.png in Resources */ = {isa = PBXBuildFile; fileRef = F206F5F02575B5CF00F1A6DE /* pm0003_51_BodyBNor_Alpha.png */; };
		F206F60D2575B5D000F1A6DE /* pm0003_00_BodyBNor.png in Resources */ = {isa = PBXBuildFile; fileRef = F206F5F12575B5CF00F1A6DE /* pm0003_00_BodyBNor.png */; };
		F206F60E2575B5D000F1A6DE /* pm0003_00_BodyC1.png in Resources */ = {isa = PBXBuildFile; fileRef = F206F5F22575B5CF00F1A6DE /* pm0003_00_BodyC1.png */; };
		F206F60F2575B5D000F1A6DE /* pm0003_51_BodyANor.png in Resources */ = {isa = PBXBuildFile; fileRef = F206F5F32575B5CF00F1A6DE /* pm0003_51_BodyANor.png */; };
		F206F6102575B5D000F1A6DE /* pm0003_51_BodyANor_Alpha.png in Resources */ = {isa = PBXBuildFile; fileRef = F206F5F42575B5CF00F1A6DE /* pm0003_51_BodyANor_Alpha.png */; };
		F206F6112575B5D000F1A6DE /* pm0003_51_BodyBNor.png in Resources */ = {isa = PBXBuildFile; fileRef = F206F5F52575B5CF00F1A6DE /* pm0003_51_BodyBNor.png */; };
		F206F6122575B5D000F1A6DE /* pm0003_00_BodyCMask.png in Resources */ = {isa = PBXBuildFile; fileRef = F206F5F62575B5CF00F1A6DE /* pm0003_00_BodyCMask.png */; };
		F206F6132575B5D000F1A6DE /* pm0003_00_Eye1Id.png in Resources */ = {isa = PBXBuildFile; fileRef = F206F5F72575B5CF00F1A6DE /* pm0003_00_Eye1Id.png */; };
		F206F6142575B5D000F1A6DE /* pm0003_00_BodyANor.png in Resources */ = {isa = PBXBuildFile; fileRef = F206F5F82575B5D000F1A6DE /* pm0003_00_BodyANor.png */; };
		F228D5472574469300865ADD /* AppDelegate.swift in Sources */ = {isa = PBXBuildFile; fileRef = F228D5462574469300865ADD /* AppDelegate.swift */; };
		F228D5492574469300865ADD /* SceneDelegate.swift in Sources */ = {isa = PBXBuildFile; fileRef = F228D5482574469300865ADD /* SceneDelegate.swift */; };
		F228D54E2574469300865ADD /* Main.storyboard in Resources */ = {isa = PBXBuildFile; fileRef = F228D54C2574469300865ADD /* Main.storyboard */; };
		F228D5502574469500865ADD /* Assets.xcassets in Resources */ = {isa = PBXBuildFile; fileRef = F228D54F2574469500865ADD /* Assets.xcassets */; };
		F228D5532574469500865ADD /* LaunchScreen.storyboard in Resources */ = {isa = PBXBuildFile; fileRef = F228D5512574469500865ADD /* LaunchScreen.storyboard */; };
		F228D55E2574469500865ADD /* PokemonScannerTests.swift in Sources */ = {isa = PBXBuildFile; fileRef = F228D55D2574469500865ADD /* PokemonScannerTests.swift */; };
		F228D5692574469500865ADD /* PokemonScannerUITests.swift in Sources */ = {isa = PBXBuildFile; fileRef = F228D5682574469500865ADD /* PokemonScannerUITests.swift */; };
		F228D582257456B500865ADD /* PokemonViewerViewController.swift in Sources */ = {isa = PBXBuildFile; fileRef = F228D581257456B500865ADD /* PokemonViewerViewController.swift */; };
		F228D5872574F79F00865ADD /* GameScene.scn in Resources */ = {isa = PBXBuildFile; fileRef = F228D5862574F79F00865ADD /* GameScene.scn */; };
		F232EEA225766B0500B2E5F2 /* Extensions.swift in Sources */ = {isa = PBXBuildFile; fileRef = F232EEA125766B0500B2E5F2 /* Extensions.swift */; };
		F232EEA82576AF8000B2E5F2 /* MyParticle.sks in Resources */ = {isa = PBXBuildFile; fileRef = F232EEA62576AF8000B2E5F2 /* MyParticle.sks */; };
		F232EEA92576AF8000B2E5F2 /* Assets.xcassets in Resources */ = {isa = PBXBuildFile; fileRef = F232EEA72576AF8000B2E5F2 /* Assets.xcassets */; };
		F232EEB62576B26500B2E5F2 /* PokeballParticle.scnp in Resources */ = {isa = PBXBuildFile; fileRef = F232EEB52576B26500B2E5F2 /* PokeballParticle.scnp */; };
		F232EEBB2576B2EB00B2E5F2 /* pokeButon.png in Resources */ = {isa = PBXBuildFile; fileRef = F232EEBA2576B2EB00B2E5F2 /* pokeButon.png */; };
		F2740554257500FD004DCBF1 /* Tag.txt in Resources */ = {isa = PBXBuildFile; fileRef = F2740550257500FD004DCBF1 /* Tag.txt */; };
		F2740568257527F3004DCBF1 /* Pikachu.scn in Resources */ = {isa = PBXBuildFile; fileRef = F2740567257527F3004DCBF1 /* Pikachu.scn */; };
		F274056D25752A6E004DCBF1 /* Charmander.scn in Resources */ = {isa = PBXBuildFile; fileRef = F274056C25752A6E004DCBF1 /* Charmander.scn */; };
		F274057225754525004DCBF1 /* ImageDownloader.swift in Sources */ = {isa = PBXBuildFile; fileRef = F274057125754525004DCBF1 /* ImageDownloader.swift */; };
		F274058225756D06004DCBF1 /* Mewtwo.scn in Resources */ = {isa = PBXBuildFile; fileRef = F274058125756D06004DCBF1 /* Mewtwo.scn */; };
		F274058725757966004DCBF1 /* PokemonCard.swift in Sources */ = {isa = PBXBuildFile; fileRef = F274058625757966004DCBF1 /* PokemonCard.swift */; };
		F274059225757B06004DCBF1 /* Endpoint.swift in Sources */ = {isa = PBXBuildFile; fileRef = F274059125757B06004DCBF1 /* Endpoint.swift */; };
		F274059725757C54004DCBF1 /* JSONDownloader.swift in Sources */ = {isa = PBXBuildFile; fileRef = F274059625757C54004DCBF1 /* JSONDownloader.swift */; };
		F274059C25757DAB004DCBF1 /* PokemonTCGAPI.swift in Sources */ = {isa = PBXBuildFile; fileRef = F274059B25757DAB004DCBF1 /* PokemonTCGAPI.swift */; };
		F27405A1257582FB004DCBF1 /* PokeError.swift in Sources */ = {isa = PBXBuildFile; fileRef = F27405A0257582FB004DCBF1 /* PokeError.swift */; };
		F27405A625758709004DCBF1 /* PokemonCardDetail.swift in Sources */ = {isa = PBXBuildFile; fileRef = F27405A525758709004DCBF1 /* PokemonCardDetail.swift */; };
		F278CCD52575B6F0001B4A5A /* Venusaur.scn in Resources */ = {isa = PBXBuildFile; fileRef = F278CCD42575B6F0001B4A5A /* Venusaur.scn */; };
		F2BBA6C42576476200902E4D /* Pokeball.scn in Resources */ = {isa = PBXBuildFile; fileRef = F2BBA6C32576476200902E4D /* Pokeball.scn */; };
		F2BBA6D12576611500902E4D /* ProfessorOak.swift in Sources */ = {isa = PBXBuildFile; fileRef = F2BBA6D02576611500902E4D /* ProfessorOak.swift */; };
		F2BBA6D62576616B00902E4D /* Pokedex.swift in Sources */ = {isa = PBXBuildFile; fileRef = F2BBA6D52576616B00902E4D /* Pokedex.swift */; };
		F2BBA6DB257662EE00902E4D /* PokeNode.swift in Sources */ = {isa = PBXBuildFile; fileRef = F2BBA6DA257662EE00902E4D /* PokeNode.swift */; };
		F2C1B0512575B29200F9E6E2 /* Growlithe.scn in Resources */ = {isa = PBXBuildFile; fileRef = F2C1B0502575B29200F9E6E2 /* Growlithe.scn */; };
/* End PBXBuildFile section */

/* Begin PBXContainerItemProxy section */
		F228D55A2574469500865ADD /* PBXContainerItemProxy */ = {
			isa = PBXContainerItemProxy;
			containerPortal = F228D53B2574469300865ADD /* Project object */;
			proxyType = 1;
			remoteGlobalIDString = F228D5422574469300865ADD;
			remoteInfo = PokemonScanner;
		};
		F228D5652574469500865ADD /* PBXContainerItemProxy */ = {
			isa = PBXContainerItemProxy;
			containerPortal = F228D53B2574469300865ADD /* Project object */;
			proxyType = 1;
			remoteGlobalIDString = F228D5422574469300865ADD;
			remoteInfo = PokemonScanner;
		};
/* End PBXContainerItemProxy section */

/* Begin PBXFileReference section */
		F206F5672575B3B800F1A6DE /* pm0058_00_BodyBNor.png */ = {isa = PBXFileReference; lastKnownFileType = image.png; path = pm0058_00_BodyBNor.png; sourceTree = "<group>"; };
		F206F5682575B3B800F1A6DE /* pm0058_00_Iris1.png */ = {isa = PBXFileReference; lastKnownFileType = image.png; path = pm0058_00_Iris1.png; sourceTree = "<group>"; };
		F206F5692575B3B800F1A6DE /* pm0058_00_Eye1_Alpha.png */ = {isa = PBXFileReference; lastKnownFileType = image.png; path = pm0058_00_Eye1_Alpha.png; sourceTree = "<group>"; };
		F206F56A2575B3B900F1A6DE /* pm0058_00_Eye1.png */ = {isa = PBXFileReference; lastKnownFileType = image.png; path = pm0058_00_Eye1.png; sourceTree = "<group>"; };
		F206F56B2575B3B900F1A6DE /* pm0058_00_BodyA2.png */ = {isa = PBXFileReference; lastKnownFileType = image.png; path = pm0058_00_BodyA2.png; sourceTree = "<group>"; };
		F206F56C2575B3B900F1A6DE /* pm0058_00_BodyANor.png */ = {isa = PBXFileReference; lastKnownFileType = image.png; path = pm0058_00_BodyANor.png; sourceTree = "<group>"; };
		F206F56D2575B3B900F1A6DE /* pm0058_00_BodyB1.png */ = {isa = PBXFileReference; lastKnownFileType = image.png; path = pm0058_00_BodyB1.png; sourceTree = "<group>"; };
		F206F56E2575B3B900F1A6DE /* pm0058_00_Eye2.png */ = {isa = PBXFileReference; lastKnownFileType = image.png; path = pm0058_00_Eye2.png; sourceTree = "<group>"; };
		F206F56F2575B3B900F1A6DE /* pm0058_00_Eye1_Merged.png */ = {isa = PBXFileReference; lastKnownFileType = image.png; path = pm0058_00_Eye1_Merged.png; sourceTree = "<group>"; };
		F206F5702575B3B900F1A6DE /* pm0058_00_BodyA1.png */ = {isa = PBXFileReference; lastKnownFileType = image.png; path = pm0058_00_BodyA1.png; sourceTree = "<group>"; };
		F206F5712575B3B900F1A6DE /* pm0058_00_Iris2.png */ = {isa = PBXFileReference; lastKnownFileType = image.png; path = pm0058_00_Iris2.png; sourceTree = "<group>"; };
		F206F5722575B3B900F1A6DE /* pm0058_00_EyeNor.png */ = {isa = PBXFileReference; lastKnownFileType = image.png; path = pm0058_00_EyeNor.png; sourceTree = "<group>"; };
		F206F5822575B3F500F1A6DE /* PMxxx1_00_fi_body.png */ = {isa = PBXFileReference; lastKnownFileType = image.png; path = PMxxx1_00_fi_body.png; sourceTree = "<group>"; };
		F206F5832575B3F500F1A6DE /* PMxxx1_00_fi_face.png */ = {isa = PBXFileReference; lastKnownFileType = image.png; path = PMxxx1_00_fi_face.png; sourceTree = "<group>"; };
		F206F5842575B3F500F1A6DE /* pmxxx1_00_fi_head.png */ = {isa = PBXFileReference; lastKnownFileType = image.png; path = pmxxx1_00_fi_head.png; sourceTree = "<group>"; };
		F206F58B2575B41600F1A6DE /* pm0025_00_Mouth1Id.png */ = {isa = PBXFileReference; lastKnownFileType = image.png; path = pm0025_00_Mouth1Id.png; sourceTree = "<group>"; };
		F206F58C2575B41600F1A6DE /* pm0025_00_BodyB1Id_F.png */ = {isa = PBXFileReference; lastKnownFileType = image.png; path = pm0025_00_BodyB1Id_F.png; sourceTree = "<group>"; };
		F206F58D2575B41700F1A6DE /* pm0025_00_BodyA1.png */ = {isa = PBXFileReference; lastKnownFileType = image.png; path = pm0025_00_BodyA1.png; sourceTree = "<group>"; };
		F206F58E2575B41700F1A6DE /* pm0025_00_BodyBNor_Alpha.png */ = {isa = PBXFileReference; lastKnownFileType = image.png; path = pm0025_00_BodyBNor_Alpha.png; sourceTree = "<group>"; };
		F206F58F2575B41700F1A6DE /* pm0025_00_BodyA1Id.png */ = {isa = PBXFileReference; lastKnownFileType = image.png; path = pm0025_00_BodyA1Id.png; sourceTree = "<group>"; };
		F206F5902575B41700F1A6DE /* pm0025_00_Eye1.png */ = {isa = PBXFileReference; lastKnownFileType = image.png; path = pm0025_00_Eye1.png; sourceTree = "<group>"; };
		F206F5912575B41700F1A6DE /* pm0025_00_BodyB1Id.png */ = {isa = PBXFileReference; lastKnownFileType = image.png; path = pm0025_00_BodyB1Id.png; sourceTree = "<group>"; };
		F206F5922575B41700F1A6DE /* pm0025_00_BodyA1Id_F.png */ = {isa = PBXFileReference; lastKnownFileType = image.png; path = pm0025_00_BodyA1Id_F.png; sourceTree = "<group>"; };
		F206F5932575B41700F1A6DE /* pm0025_00_Eye1Id.png */ = {isa = PBXFileReference; lastKnownFileType = image.png; path = pm0025_00_Eye1Id.png; sourceTree = "<group>"; };
		F206F5942575B41700F1A6DE /* pm0025_00_MouthNor.png */ = {isa = PBXFileReference; lastKnownFileType = image.png; path = pm0025_00_MouthNor.png; sourceTree = "<group>"; };
		F206F5952575B41700F1A6DE /* pm0025_00_Mouth1.png */ = {isa = PBXFileReference; lastKnownFileType = image.png; path = pm0025_00_Mouth1.png; sourceTree = "<group>"; };
		F206F5962575B41700F1A6DE /* pm0025_00_EyeNor.png */ = {isa = PBXFileReference; lastKnownFileType = image.png; path = pm0025_00_EyeNor.png; sourceTree = "<group>"; };
		F206F5972575B41800F1A6DE /* pm0025_00_Mouth1Id_F.png */ = {isa = PBXFileReference; lastKnownFileType = image.png; path = pm0025_00_Mouth1Id_F.png; sourceTree = "<group>"; };
		F206F5982575B41800F1A6DE /* pm0025_00_BodyBNor.png */ = {isa = PBXFileReference; lastKnownFileType = image.png; path = pm0025_00_BodyBNor.png; sourceTree = "<group>"; };
		F206F5992575B41800F1A6DE /* pm0025_00_BodyANor.png */ = {isa = PBXFileReference; lastKnownFileType = image.png; path = pm0025_00_BodyANor.png; sourceTree = "<group>"; };
		F206F59A2575B41800F1A6DE /* pm0025_00_BodyB1.png */ = {isa = PBXFileReference; lastKnownFileType = image.png; path = pm0025_00_BodyB1.png; sourceTree = "<group>"; };
		F206F59B2575B41800F1A6DE /* pm0025_00_BodyANor_Alpha.png */ = {isa = PBXFileReference; lastKnownFileType = image.png; path = pm0025_00_BodyANor_Alpha.png; sourceTree = "<group>"; };
		F206F59C2575B41800F1A6DE /* pm0025_00_BodyBInc.png */ = {isa = PBXFileReference; lastKnownFileType = image.png; path = pm0025_00_BodyBInc.png; sourceTree = "<group>"; };
		F206F59D2575B41800F1A6DE /* pm0025_00_Eye1Id_F.png */ = {isa = PBXFileReference; lastKnownFileType = image.png; path = pm0025_00_Eye1Id_F.png; sourceTree = "<group>"; };
		F206F5B42575B42900F1A6DE /* pm0004_00_EyeNor.png */ = {isa = PBXFileReference; lastKnownFileType = image.png; path = pm0004_00_EyeNor.png; sourceTree = "<group>"; };
		F206F5B52575B42900F1A6DE /* pm0004_00_Eye1.png */ = {isa = PBXFileReference; lastKnownFileType = image.png; path = pm0004_00_Eye1.png; sourceTree = "<group>"; };
		F206F5B62575B42900F1A6DE /* pm0004_00_BodyNor_Alpha.png */ = {isa = PBXFileReference; lastKnownFileType = image.png; path = pm0004_00_BodyNor_Alpha.png; sourceTree = "<group>"; };
		F206F5B72575B42900F1A6DE /* pm0004_00_FireStenA2.png */ = {isa = PBXFileReference; lastKnownFileType = image.png; path = pm0004_00_FireStenA2.png; sourceTree = "<group>"; };
		F206F5B82575B42900F1A6DE /* pm0004_00_Body1.png */ = {isa = PBXFileReference; lastKnownFileType = image.png; path = pm0004_00_Body1.png; sourceTree = "<group>"; };
		F206F5B92575B42900F1A6DE /* pm0004_00_FireStenA1Id.png */ = {isa = PBXFileReference; lastKnownFileType = image.png; path = pm0004_00_FireStenA1Id.png; sourceTree = "<group>"; };
		F206F5BA2575B42900F1A6DE /* pm0004_00_FireStenA1.png */ = {isa = PBXFileReference; lastKnownFileType = image.png; path = pm0004_00_FireStenA1.png; sourceTree = "<group>"; };
		F206F5BB2575B42900F1A6DE /* pm0004_00_Eye1Id.png */ = {isa = PBXFileReference; lastKnownFileType = image.png; path = pm0004_00_Eye1Id.png; sourceTree = "<group>"; };
		F206F5BC2575B42A00F1A6DE /* pm0004_00_FireCoreA2.png */ = {isa = PBXFileReference; lastKnownFileType = image.png; path = pm0004_00_FireCoreA2.png; sourceTree = "<group>"; };
		F206F5BD2575B42A00F1A6DE /* pm0004_00_Eye2.png */ = {isa = PBXFileReference; lastKnownFileType = image.png; path = pm0004_00_Eye2.png; sourceTree = "<group>"; };
		F206F5BE2575B42A00F1A6DE /* pm0004_00_Body1Id.png */ = {isa = PBXFileReference; lastKnownFileType = image.png; path = pm0004_00_Body1Id.png; sourceTree = "<group>"; };
		F206F5BF2575B42A00F1A6DE /* pm0004_00_FireCoreA1.png */ = {isa = PBXFileReference; lastKnownFileType = image.png; path = pm0004_00_FireCoreA1.png; sourceTree = "<group>"; };
		F206F5C02575B42A00F1A6DE /* pm0004_00_FireStenAMask.png */ = {isa = PBXFileReference; lastKnownFileType = image.png; path = pm0004_00_FireStenAMask.png; sourceTree = "<group>"; };
		F206F5C12575B42A00F1A6DE /* pm0004_00_FireCoreA1Id.png */ = {isa = PBXFileReference; lastKnownFileType = image.png; path = pm0004_00_FireCoreA1Id.png; sourceTree = "<group>"; };
		F206F5C22575B42A00F1A6DE /* pm0004_00_BodyNor.png */ = {isa = PBXFileReference; lastKnownFileType = image.png; path = pm0004_00_BodyNor.png; sourceTree = "<group>"; };
		F206F5C32575B42A00F1A6DE /* pm0004_00_Body2.png */ = {isa = PBXFileReference; lastKnownFileType = image.png; path = pm0004_00_Body2.png; sourceTree = "<group>"; };
		F206F5DD2575B5CD00F1A6DE /* pm0003_51_EyeNor.png */ = {isa = PBXFileReference; lastKnownFileType = image.png; path = pm0003_51_EyeNor.png; sourceTree = "<group>"; };
		F206F5DE2575B5CD00F1A6DE /* pm0003_00_BodyBNor_Alpha.png */ = {isa = PBXFileReference; lastKnownFileType = image.png; path = pm0003_00_BodyBNor_Alpha.png; sourceTree = "<group>"; };
		F206F5DF2575B5CD00F1A6DE /* pm0003_00_BodyB1Id_F.png */ = {isa = PBXFileReference; lastKnownFileType = image.png; path = pm0003_00_BodyB1Id_F.png; sourceTree = "<group>"; };
		F206F5E02575B5CD00F1A6DE /* pm0003_00_BodyA1Id_F.png */ = {isa = PBXFileReference; lastKnownFileType = image.png; path = pm0003_00_BodyA1Id_F.png; sourceTree = "<group>"; };
		F206F5E12575B5CD00F1A6DE /* pm0003_51_BodyB1.png */ = {isa = PBXFileReference; lastKnownFileType = image.png; path = pm0003_51_BodyB1.png; sourceTree = "<group>"; };
		F206F5E22575B5CD00F1A6DE /* pm0003_00_BodyC1Id.png */ = {isa = PBXFileReference; lastKnownFileType = image.png; path = pm0003_00_BodyC1Id.png; sourceTree = "<group>"; };
		F206F5E32575B5CD00F1A6DE /* pm0003_00_BodyB1.png */ = {isa = PBXFileReference; lastKnownFileType = image.png; path = pm0003_00_BodyB1.png; sourceTree = "<group>"; };
		F206F5E42575B5CD00F1A6DE /* pm0003_00_BodyANor_Alpha.png */ = {isa = PBXFileReference; lastKnownFileType = image.png; path = pm0003_00_BodyANor_Alpha.png; sourceTree = "<group>"; };
		F206F5E52575B5CE00F1A6DE /* pm0003_00_Eye1Id_F.png */ = {isa = PBXFileReference; lastKnownFileType = image.png; path = pm0003_00_Eye1Id_F.png; sourceTree = "<group>"; };
		F206F5E62575B5CE00F1A6DE /* pm0003_00_BodyBMask.png */ = {isa = PBXFileReference; lastKnownFileType = image.png; path = pm0003_00_BodyBMask.png; sourceTree = "<group>"; };
		F206F5E72575B5CE00F1A6DE /* pm0003_00_BodyA1.png */ = {isa = PBXFileReference; lastKnownFileType = image.png; path = pm0003_00_BodyA1.png; sourceTree = "<group>"; };
		F206F5E82575B5CE00F1A6DE /* pm0003_51_BodyA1.png */ = {isa = PBXFileReference; lastKnownFileType = image.png; path = pm0003_51_BodyA1.png; sourceTree = "<group>"; };
		F206F5E92575B5CE00F1A6DE /* pm0003_51_BodyBMask.png */ = {isa = PBXFileReference; lastKnownFileType = image.png; path = pm0003_51_BodyBMask.png; sourceTree = "<group>"; };
		F206F5EA2575B5CE00F1A6DE /* pm0003_51_Eye1.png */ = {isa = PBXFileReference; lastKnownFileType = image.png; path = pm0003_51_Eye1.png; sourceTree = "<group>"; };
		F206F5EB2575B5CE00F1A6DE /* pm0003_00_BodyCNor.png */ = {isa = PBXFileReference; lastKnownFileType = image.png; path = pm0003_00_BodyCNor.png; sourceTree = "<group>"; };
		F206F5EC2575B5CE00F1A6DE /* pm0003_00_BodyA1Id.png */ = {isa = PBXFileReference; lastKnownFileType = image.png; path = pm0003_00_BodyA1Id.png; sourceTree = "<group>"; };
		F206F5ED2575B5CE00F1A6DE /* pm0003_00_EyeNor.png */ = {isa = PBXFileReference; lastKnownFileType = image.png; path = pm0003_00_EyeNor.png; sourceTree = "<group>"; };
		F206F5EE2575B5CE00F1A6DE /* pm0003_00_Eye1.png */ = {isa = PBXFileReference; lastKnownFileType = image.png; path = pm0003_00_Eye1.png; sourceTree = "<group>"; };
		F206F5EF2575B5CF00F1A6DE /* pm0003_00_BodyB1Id.png */ = {isa = PBXFileReference; lastKnownFileType = image.png; path = pm0003_00_BodyB1Id.png; sourceTree = "<group>"; };
		F206F5F02575B5CF00F1A6DE /* pm0003_51_BodyBNor_Alpha.png */ = {isa = PBXFileReference; lastKnownFileType = image.png; path = pm0003_51_BodyBNor_Alpha.png; sourceTree = "<group>"; };
		F206F5F12575B5CF00F1A6DE /* pm0003_00_BodyBNor.png */ = {isa = PBXFileReference; lastKnownFileType = image.png; path = pm0003_00_BodyBNor.png; sourceTree = "<group>"; };
		F206F5F22575B5CF00F1A6DE /* pm0003_00_BodyC1.png */ = {isa = PBXFileReference; lastKnownFileType = image.png; path = pm0003_00_BodyC1.png; sourceTree = "<group>"; };
		F206F5F32575B5CF00F1A6DE /* pm0003_51_BodyANor.png */ = {isa = PBXFileReference; lastKnownFileType = image.png; path = pm0003_51_BodyANor.png; sourceTree = "<group>"; };
		F206F5F42575B5CF00F1A6DE /* pm0003_51_BodyANor_Alpha.png */ = {isa = PBXFileReference; lastKnownFileType = image.png; path = pm0003_51_BodyANor_Alpha.png; sourceTree = "<group>"; };
		F206F5F52575B5CF00F1A6DE /* pm0003_51_BodyBNor.png */ = {isa = PBXFileReference; lastKnownFileType = image.png; path = pm0003_51_BodyBNor.png; sourceTree = "<group>"; };
		F206F5F62575B5CF00F1A6DE /* pm0003_00_BodyCMask.png */ = {isa = PBXFileReference; lastKnownFileType = image.png; path = pm0003_00_BodyCMask.png; sourceTree = "<group>"; };
		F206F5F72575B5CF00F1A6DE /* pm0003_00_Eye1Id.png */ = {isa = PBXFileReference; lastKnownFileType = image.png; path = pm0003_00_Eye1Id.png; sourceTree = "<group>"; };
		F206F5F82575B5D000F1A6DE /* pm0003_00_BodyANor.png */ = {isa = PBXFileReference; lastKnownFileType = image.png; path = pm0003_00_BodyANor.png; sourceTree = "<group>"; };
		F228D5432574469300865ADD /* PokemonScanner.app */ = {isa = PBXFileReference; explicitFileType = wrapper.application; includeInIndex = 0; path = PokemonScanner.app; sourceTree = BUILT_PRODUCTS_DIR; };
		F228D5462574469300865ADD /* AppDelegate.swift */ = {isa = PBXFileReference; lastKnownFileType = sourcecode.swift; path = AppDelegate.swift; sourceTree = "<group>"; };
		F228D5482574469300865ADD /* SceneDelegate.swift */ = {isa = PBXFileReference; lastKnownFileType = sourcecode.swift; path = SceneDelegate.swift; sourceTree = "<group>"; };
		F228D54D2574469300865ADD /* Base */ = {isa = PBXFileReference; lastKnownFileType = file.storyboard; name = Base; path = Base.lproj/Main.storyboard; sourceTree = "<group>"; };
		F228D54F2574469500865ADD /* Assets.xcassets */ = {isa = PBXFileReference; lastKnownFileType = folder.assetcatalog; path = Assets.xcassets; sourceTree = "<group>"; };
		F228D5522574469500865ADD /* Base */ = {isa = PBXFileReference; lastKnownFileType = file.storyboard; name = Base; path = Base.lproj/LaunchScreen.storyboard; sourceTree = "<group>"; };
		F228D5542574469500865ADD /* Info.plist */ = {isa = PBXFileReference; lastKnownFileType = text.plist.xml; path = Info.plist; sourceTree = "<group>"; };
		F228D5592574469500865ADD /* PokemonScannerTests.xctest */ = {isa = PBXFileReference; explicitFileType = wrapper.cfbundle; includeInIndex = 0; path = PokemonScannerTests.xctest; sourceTree = BUILT_PRODUCTS_DIR; };
		F228D55D2574469500865ADD /* PokemonScannerTests.swift */ = {isa = PBXFileReference; lastKnownFileType = sourcecode.swift; path = PokemonScannerTests.swift; sourceTree = "<group>"; };
		F228D55F2574469500865ADD /* Info.plist */ = {isa = PBXFileReference; lastKnownFileType = text.plist.xml; path = Info.plist; sourceTree = "<group>"; };
		F228D5642574469500865ADD /* PokemonScannerUITests.xctest */ = {isa = PBXFileReference; explicitFileType = wrapper.cfbundle; includeInIndex = 0; path = PokemonScannerUITests.xctest; sourceTree = BUILT_PRODUCTS_DIR; };
		F228D5682574469500865ADD /* PokemonScannerUITests.swift */ = {isa = PBXFileReference; lastKnownFileType = sourcecode.swift; path = PokemonScannerUITests.swift; sourceTree = "<group>"; };
		F228D56A2574469500865ADD /* Info.plist */ = {isa = PBXFileReference; lastKnownFileType = text.plist.xml; path = Info.plist; sourceTree = "<group>"; };
		F228D581257456B500865ADD /* PokemonViewerViewController.swift */ = {isa = PBXFileReference; lastKnownFileType = sourcecode.swift; path = PokemonViewerViewController.swift; sourceTree = "<group>"; };
		F228D5862574F79F00865ADD /* GameScene.scn */ = {isa = PBXFileReference; lastKnownFileType = file.bplist; path = GameScene.scn; sourceTree = "<group>"; };
		F232EEA125766B0500B2E5F2 /* Extensions.swift */ = {isa = PBXFileReference; lastKnownFileType = sourcecode.swift; path = Extensions.swift; sourceTree = "<group>"; };
		F232EEA62576AF8000B2E5F2 /* MyParticle.sks */ = {isa = PBXFileReference; lastKnownFileType = file.sks; path = MyParticle.sks; sourceTree = "<group>"; };
		F232EEA72576AF8000B2E5F2 /* Assets.xcassets */ = {isa = PBXFileReference; lastKnownFileType = folder.assetcatalog; path = Assets.xcassets; sourceTree = "<group>"; };
		F232EEB52576B26500B2E5F2 /* PokeballParticle.scnp */ = {isa = PBXFileReference; lastKnownFileType = file.scp; path = PokeballParticle.scnp; sourceTree = "<group>"; };
		F232EEBA2576B2EB00B2E5F2 /* pokeButon.png */ = {isa = PBXFileReference; lastKnownFileType = image.png; path = pokeButon.png; sourceTree = "<group>"; };
		F2740550257500FD004DCBF1 /* Tag.txt */ = {isa = PBXFileReference; fileEncoding = 4; lastKnownFileType = text; path = Tag.txt; sourceTree = "<group>"; };
		F2740567257527F3004DCBF1 /* Pikachu.scn */ = {isa = PBXFileReference; lastKnownFileType = file.bplist; path = Pikachu.scn; sourceTree = "<group>"; };
		F274056C25752A6E004DCBF1 /* Charmander.scn */ = {isa = PBXFileReference; lastKnownFileType = file.bplist; path = Charmander.scn; sourceTree = "<group>"; };
		F274057125754525004DCBF1 /* ImageDownloader.swift */ = {isa = PBXFileReference; fileEncoding = 4; lastKnownFileType = sourcecode.swift; path = ImageDownloader.swift; sourceTree = "<group>"; };
		F274058125756D06004DCBF1 /* Mewtwo.scn */ = {isa = PBXFileReference; lastKnownFileType = file.bplist; path = Mewtwo.scn; sourceTree = "<group>"; };
		F274058625757966004DCBF1 /* PokemonCard.swift */ = {isa = PBXFileReference; lastKnownFileType = sourcecode.swift; path = PokemonCard.swift; sourceTree = "<group>"; };
		F274059125757B06004DCBF1 /* Endpoint.swift */ = {isa = PBXFileReference; lastKnownFileType = sourcecode.swift; path = Endpoint.swift; sourceTree = "<group>"; };
		F274059625757C54004DCBF1 /* JSONDownloader.swift */ = {isa = PBXFileReference; lastKnownFileType = sourcecode.swift; path = JSONDownloader.swift; sourceTree = "<group>"; };
		F274059B25757DAB004DCBF1 /* PokemonTCGAPI.swift */ = {isa = PBXFileReference; lastKnownFileType = sourcecode.swift; path = PokemonTCGAPI.swift; sourceTree = "<group>"; };
		F27405A0257582FB004DCBF1 /* PokeError.swift */ = {isa = PBXFileReference; lastKnownFileType = sourcecode.swift; path = PokeError.swift; sourceTree = "<group>"; };
		F27405A525758709004DCBF1 /* PokemonCardDetail.swift */ = {isa = PBXFileReference; lastKnownFileType = sourcecode.swift; path = PokemonCardDetail.swift; sourceTree = "<group>"; };
		F278CCD42575B6F0001B4A5A /* Venusaur.scn */ = {isa = PBXFileReference; lastKnownFileType = file.bplist; path = Venusaur.scn; sourceTree = "<group>"; };
		F2BBA6C32576476200902E4D /* Pokeball.scn */ = {isa = PBXFileReference; lastKnownFileType = file.bplist; path = Pokeball.scn; sourceTree = "<group>"; };
		F2BBA6D02576611500902E4D /* ProfessorOak.swift */ = {isa = PBXFileReference; lastKnownFileType = sourcecode.swift; path = ProfessorOak.swift; sourceTree = "<group>"; };
		F2BBA6D52576616B00902E4D /* Pokedex.swift */ = {isa = PBXFileReference; lastKnownFileType = sourcecode.swift; path = Pokedex.swift; sourceTree = "<group>"; };
		F2BBA6DA257662EE00902E4D /* PokeNode.swift */ = {isa = PBXFileReference; lastKnownFileType = sourcecode.swift; path = PokeNode.swift; sourceTree = "<group>"; };
		F2C1B0502575B29200F9E6E2 /* Growlithe.scn */ = {isa = PBXFileReference; lastKnownFileType = file.bplist; path = Growlithe.scn; sourceTree = "<group>"; };
/* End PBXFileReference section */

/* Begin PBXFrameworksBuildPhase section */
		F228D5402574469300865ADD /* Frameworks */ = {
			isa = PBXFrameworksBuildPhase;
			buildActionMask = 2147483647;
			files = (
			);
			runOnlyForDeploymentPostprocessing = 0;
		};
		F228D5562574469500865ADD /* Frameworks */ = {
			isa = PBXFrameworksBuildPhase;
			buildActionMask = 2147483647;
			files = (
			);
			runOnlyForDeploymentPostprocessing = 0;
		};
		F228D5612574469500865ADD /* Frameworks */ = {
			isa = PBXFrameworksBuildPhase;
			buildActionMask = 2147483647;
			files = (
			);
			runOnlyForDeploymentPostprocessing = 0;
		};
/* End PBXFrameworksBuildPhase section */

/* Begin PBXGroup section */
		F206F5662575B39400F1A6DE /* Textures */ = {
			isa = PBXGroup;
			children = (
				F232EEBA2576B2EB00B2E5F2 /* pokeButon.png */,
				F206F5E72575B5CE00F1A6DE /* pm0003_00_BodyA1.png */,
				F206F5E02575B5CD00F1A6DE /* pm0003_00_BodyA1Id_F.png */,
				F206F5EC2575B5CE00F1A6DE /* pm0003_00_BodyA1Id.png */,
				F206F5E42575B5CD00F1A6DE /* pm0003_00_BodyANor_Alpha.png */,
				F206F5F82575B5D000F1A6DE /* pm0003_00_BodyANor.png */,
				F206F5E32575B5CD00F1A6DE /* pm0003_00_BodyB1.png */,
				F206F5DF2575B5CD00F1A6DE /* pm0003_00_BodyB1Id_F.png */,
				F206F5EF2575B5CF00F1A6DE /* pm0003_00_BodyB1Id.png */,
				F206F5E62575B5CE00F1A6DE /* pm0003_00_BodyBMask.png */,
				F206F5DE2575B5CD00F1A6DE /* pm0003_00_BodyBNor_Alpha.png */,
				F206F5F12575B5CF00F1A6DE /* pm0003_00_BodyBNor.png */,
				F206F5F22575B5CF00F1A6DE /* pm0003_00_BodyC1.png */,
				F206F5E22575B5CD00F1A6DE /* pm0003_00_BodyC1Id.png */,
				F206F5F62575B5CF00F1A6DE /* pm0003_00_BodyCMask.png */,
				F206F5EB2575B5CE00F1A6DE /* pm0003_00_BodyCNor.png */,
				F206F5EE2575B5CE00F1A6DE /* pm0003_00_Eye1.png */,
				F206F5E52575B5CE00F1A6DE /* pm0003_00_Eye1Id_F.png */,
				F206F5F72575B5CF00F1A6DE /* pm0003_00_Eye1Id.png */,
				F206F5ED2575B5CE00F1A6DE /* pm0003_00_EyeNor.png */,
				F206F5E82575B5CE00F1A6DE /* pm0003_51_BodyA1.png */,
				F206F5F42575B5CF00F1A6DE /* pm0003_51_BodyANor_Alpha.png */,
				F206F5F32575B5CF00F1A6DE /* pm0003_51_BodyANor.png */,
				F206F5E12575B5CD00F1A6DE /* pm0003_51_BodyB1.png */,
				F206F5E92575B5CE00F1A6DE /* pm0003_51_BodyBMask.png */,
				F206F5F02575B5CF00F1A6DE /* pm0003_51_BodyBNor_Alpha.png */,
				F206F5F52575B5CF00F1A6DE /* pm0003_51_BodyBNor.png */,
				F206F5EA2575B5CE00F1A6DE /* pm0003_51_Eye1.png */,
				F206F5DD2575B5CD00F1A6DE /* pm0003_51_EyeNor.png */,
				F206F5822575B3F500F1A6DE /* PMxxx1_00_fi_body.png */,
				F206F5832575B3F500F1A6DE /* PMxxx1_00_fi_face.png */,
				F206F5842575B3F500F1A6DE /* pmxxx1_00_fi_head.png */,
				F206F5702575B3B900F1A6DE /* pm0058_00_BodyA1.png */,
				F206F56B2575B3B900F1A6DE /* pm0058_00_BodyA2.png */,
				F206F56C2575B3B900F1A6DE /* pm0058_00_BodyANor.png */,
				F206F56D2575B3B900F1A6DE /* pm0058_00_BodyB1.png */,
				F206F5672575B3B800F1A6DE /* pm0058_00_BodyBNor.png */,
				F206F5692575B3B800F1A6DE /* pm0058_00_Eye1_Alpha.png */,
				F206F56F2575B3B900F1A6DE /* pm0058_00_Eye1_Merged.png */,
				F206F56A2575B3B900F1A6DE /* pm0058_00_Eye1.png */,
				F206F56E2575B3B900F1A6DE /* pm0058_00_Eye2.png */,
				F206F5722575B3B900F1A6DE /* pm0058_00_EyeNor.png */,
				F206F5682575B3B800F1A6DE /* pm0058_00_Iris1.png */,
				F206F5712575B3B900F1A6DE /* pm0058_00_Iris2.png */,
				F206F58D2575B41700F1A6DE /* pm0025_00_BodyA1.png */,
				F206F5922575B41700F1A6DE /* pm0025_00_BodyA1Id_F.png */,
				F206F58F2575B41700F1A6DE /* pm0025_00_BodyA1Id.png */,
				F206F59B2575B41800F1A6DE /* pm0025_00_BodyANor_Alpha.png */,
				F206F5992575B41800F1A6DE /* pm0025_00_BodyANor.png */,
				F206F59A2575B41800F1A6DE /* pm0025_00_BodyB1.png */,
				F206F58C2575B41600F1A6DE /* pm0025_00_BodyB1Id_F.png */,
				F206F5912575B41700F1A6DE /* pm0025_00_BodyB1Id.png */,
				F206F59C2575B41800F1A6DE /* pm0025_00_BodyBInc.png */,
				F206F58E2575B41700F1A6DE /* pm0025_00_BodyBNor_Alpha.png */,
				F206F5982575B41800F1A6DE /* pm0025_00_BodyBNor.png */,
				F206F5902575B41700F1A6DE /* pm0025_00_Eye1.png */,
				F206F59D2575B41800F1A6DE /* pm0025_00_Eye1Id_F.png */,
				F206F5932575B41700F1A6DE /* pm0025_00_Eye1Id.png */,
				F206F5962575B41700F1A6DE /* pm0025_00_EyeNor.png */,
				F206F5952575B41700F1A6DE /* pm0025_00_Mouth1.png */,
				F206F5972575B41800F1A6DE /* pm0025_00_Mouth1Id_F.png */,
				F206F58B2575B41600F1A6DE /* pm0025_00_Mouth1Id.png */,
				F206F5942575B41700F1A6DE /* pm0025_00_MouthNor.png */,
				F206F5B82575B42900F1A6DE /* pm0004_00_Body1.png */,
				F206F5BE2575B42A00F1A6DE /* pm0004_00_Body1Id.png */,
				F206F5C32575B42A00F1A6DE /* pm0004_00_Body2.png */,
				F206F5B62575B42900F1A6DE /* pm0004_00_BodyNor_Alpha.png */,
				F206F5C22575B42A00F1A6DE /* pm0004_00_BodyNor.png */,
				F206F5B52575B42900F1A6DE /* pm0004_00_Eye1.png */,
				F206F5BB2575B42900F1A6DE /* pm0004_00_Eye1Id.png */,
				F206F5BD2575B42A00F1A6DE /* pm0004_00_Eye2.png */,
				F206F5B42575B42900F1A6DE /* pm0004_00_EyeNor.png */,
				F206F5BF2575B42A00F1A6DE /* pm0004_00_FireCoreA1.png */,
				F206F5C12575B42A00F1A6DE /* pm0004_00_FireCoreA1Id.png */,
				F206F5BC2575B42A00F1A6DE /* pm0004_00_FireCoreA2.png */,
				F206F5BA2575B42900F1A6DE /* pm0004_00_FireStenA1.png */,
				F206F5B92575B42900F1A6DE /* pm0004_00_FireStenA1Id.png */,
				F206F5B72575B42900F1A6DE /* pm0004_00_FireStenA2.png */,
				F206F5C02575B42A00F1A6DE /* pm0004_00_FireStenAMask.png */,
			);
			path = Textures;
			sourceTree = "<group>";
		};
		F228D53A2574469300865ADD = {
			isa = PBXGroup;
			children = (
				F228D5452574469300865ADD /* PokemonScanner */,
				F228D55C2574469500865ADD /* PokemonScannerTests */,
				F228D5672574469500865ADD /* PokemonScannerUITests */,
				F228D5442574469300865ADD /* Products */,
			);
			sourceTree = "<group>";
		};
		F228D5442574469300865ADD /* Products */ = {
			isa = PBXGroup;
			children = (
				F228D5432574469300865ADD /* PokemonScanner.app */,
				F228D5592574469500865ADD /* PokemonScannerTests.xctest */,
				F228D5642574469500865ADD /* PokemonScannerUITests.xctest */,
			);
			name = Products;
			sourceTree = "<group>";
		};
		F228D5452574469300865ADD /* PokemonScanner */ = {
			isa = PBXGroup;
			children = (
				F2BBA6CF257660FA00902E4D /* 3D Models */,
				F2BBA6CE257660B300902E4D /* Networking */,
				F2BBA6CD257660AD00902E4D /* Controller */,
				F2BBA6CC257660A700902E4D /* View */,
				F2BBA6CB257660A000902E4D /* Model */,
				F206F5662575B39400F1A6DE /* Textures */,
				F228D5462574469300865ADD /* AppDelegate.swift */,
				F228D5482574469300865ADD /* SceneDelegate.swift */,
				F228D54C2574469300865ADD /* Main.storyboard */,
				F228D54F2574469500865ADD /* Assets.xcassets */,
				F228D5512574469500865ADD /* LaunchScreen.storyboard */,
				F228D5542574469500865ADD /* Info.plist */,
				F2740550257500FD004DCBF1 /* Tag.txt */,
			);
			path = PokemonScanner;
			sourceTree = "<group>";
		};
		F228D55C2574469500865ADD /* PokemonScannerTests */ = {
			isa = PBXGroup;
			children = (
				F228D55D2574469500865ADD /* PokemonScannerTests.swift */,
				F228D55F2574469500865ADD /* Info.plist */,
			);
			path = PokemonScannerTests;
			sourceTree = "<group>";
		};
		F228D5672574469500865ADD /* PokemonScannerUITests */ = {
			isa = PBXGroup;
			children = (
				F228D5682574469500865ADD /* PokemonScannerUITests.swift */,
				F228D56A2574469500865ADD /* Info.plist */,
			);
			path = PokemonScannerUITests;
			sourceTree = "<group>";
		};
		F2BBA6CB257660A000902E4D /* Model */ = {
			isa = PBXGroup;
			children = (
				F27405A0257582FB004DCBF1 /* PokeError.swift */,
				F274058625757966004DCBF1 /* PokemonCard.swift */,
				F2BBA6D02576611500902E4D /* ProfessorOak.swift */,
				F2BBA6D52576616B00902E4D /* Pokedex.swift */,
				F232EEA125766B0500B2E5F2 /* Extensions.swift */,
			);
			path = Model;
			sourceTree = "<group>";
		};
		F2BBA6CC257660A700902E4D /* View */ = {
			isa = PBXGroup;
			children = (
				F27405A525758709004DCBF1 /* PokemonCardDetail.swift */,
				F2BBA6DA257662EE00902E4D /* PokeNode.swift */,
			);
			path = View;
			sourceTree = "<group>";
		};
		F2BBA6CD257660AD00902E4D /* Controller */ = {
			isa = PBXGroup;
			children = (
				F228D581257456B500865ADD /* PokemonViewerViewController.swift */,
			);
			path = Controller;
			sourceTree = "<group>";
		};
		F2BBA6CE257660B300902E4D /* Networking */ = {
			isa = PBXGroup;
			children = (
				F274059125757B06004DCBF1 /* Endpoint.swift */,
				F274059625757C54004DCBF1 /* JSONDownloader.swift */,
				F274059B25757DAB004DCBF1 /* PokemonTCGAPI.swift */,
				F232EEA62576AF8000B2E5F2 /* MyParticle.sks */,
				F274057125754525004DCBF1 /* ImageDownloader.swift */,
			);
			path = Networking;
			sourceTree = "<group>";
		};
		F2BBA6CF257660FA00902E4D /* 3D Models */ = {
			isa = PBXGroup;
			children = (
				F232EEA72576AF8000B2E5F2 /* Assets.xcassets */,
				F232EEB52576B26500B2E5F2 /* PokeballParticle.scnp */,
				F228D5862574F79F00865ADD /* GameScene.scn */,
				F274056C25752A6E004DCBF1 /* Charmander.scn */,
				F278CCD42575B6F0001B4A5A /* Venusaur.scn */,
				F274058125756D06004DCBF1 /* Mewtwo.scn */,
				F2C1B0502575B29200F9E6E2 /* Growlithe.scn */,
				F2740567257527F3004DCBF1 /* Pikachu.scn */,
				F2BBA6C32576476200902E4D /* Pokeball.scn */,
			);
			path = "3D Models";
			sourceTree = "<group>";
		};
/* End PBXGroup section */

/* Begin PBXNativeTarget section */
		F228D5422574469300865ADD /* PokemonScanner */ = {
			isa = PBXNativeTarget;
			buildConfigurationList = F228D56D2574469500865ADD /* Build configuration list for PBXNativeTarget "PokemonScanner" */;
			buildPhases = (
				F228D53F2574469300865ADD /* Sources */,
				F228D5402574469300865ADD /* Frameworks */,
				F228D5412574469300865ADD /* Resources */,
			);
			buildRules = (
			);
			dependencies = (
			);
			name = PokemonScanner;
			productName = PokemonScanner;
			productReference = F228D5432574469300865ADD /* PokemonScanner.app */;
			productType = "com.apple.product-type.application";
		};
		F228D5582574469500865ADD /* PokemonScannerTests */ = {
			isa = PBXNativeTarget;
			buildConfigurationList = F228D5702574469500865ADD /* Build configuration list for PBXNativeTarget "PokemonScannerTests" */;
			buildPhases = (
				F228D5552574469500865ADD /* Sources */,
				F228D5562574469500865ADD /* Frameworks */,
				F228D5572574469500865ADD /* Resources */,
			);
			buildRules = (
			);
			dependencies = (
				F228D55B2574469500865ADD /* PBXTargetDependency */,
			);
			name = PokemonScannerTests;
			productName = PokemonScannerTests;
			productReference = F228D5592574469500865ADD /* PokemonScannerTests.xctest */;
			productType = "com.apple.product-type.bundle.unit-test";
		};
		F228D5632574469500865ADD /* PokemonScannerUITests */ = {
			isa = PBXNativeTarget;
			buildConfigurationList = F228D5732574469500865ADD /* Build configuration list for PBXNativeTarget "PokemonScannerUITests" */;
			buildPhases = (
				F228D5602574469500865ADD /* Sources */,
				F228D5612574469500865ADD /* Frameworks */,
				F228D5622574469500865ADD /* Resources */,
			);
			buildRules = (
			);
			dependencies = (
				F228D5662574469500865ADD /* PBXTargetDependency */,
			);
			name = PokemonScannerUITests;
			productName = PokemonScannerUITests;
			productReference = F228D5642574469500865ADD /* PokemonScannerUITests.xctest */;
			productType = "com.apple.product-type.bundle.ui-testing";
		};
/* End PBXNativeTarget section */

/* Begin PBXProject section */
		F228D53B2574469300865ADD /* Project object */ = {
			isa = PBXProject;
			attributes = {
				LastSwiftUpdateCheck = 1220;
				LastUpgradeCheck = 1220;
				TargetAttributes = {
					F228D5422574469300865ADD = {
						CreatedOnToolsVersion = 12.2;
					};
					F228D5582574469500865ADD = {
						CreatedOnToolsVersion = 12.2;
						TestTargetID = F228D5422574469300865ADD;
					};
					F228D5632574469500865ADD = {
						CreatedOnToolsVersion = 12.2;
						TestTargetID = F228D5422574469300865ADD;
					};
				};
			};
			buildConfigurationList = F228D53E2574469300865ADD /* Build configuration list for PBXProject "PokemonScanner" */;
			compatibilityVersion = "Xcode 9.3";
			developmentRegion = en;
			hasScannedForEncodings = 0;
			knownRegions = (
				en,
				Base,
			);
			mainGroup = F228D53A2574469300865ADD;
			productRefGroup = F228D5442574469300865ADD /* Products */;
			projectDirPath = "";
			projectRoot = "";
			targets = (
				F228D5422574469300865ADD /* PokemonScanner */,
				F228D5582574469500865ADD /* PokemonScannerTests */,
				F228D5632574469500865ADD /* PokemonScannerUITests */,
			);
		};
/* End PBXProject section */

/* Begin PBXResourcesBuildPhase section */
		F228D5412574469300865ADD /* Resources */ = {
			isa = PBXResourcesBuildPhase;
			buildActionMask = 2147483647;
			files = (
				F206F6122575B5D000F1A6DE /* pm0003_00_BodyCMask.png in Resources */,
				F206F60A2575B5D000F1A6DE /* pm0003_00_Eye1.png in Resources */,
				F206F5AB2575B41800F1A6DE /* pm0025_00_BodyBNor.png in Resources */,
				F206F5CE2575B42A00F1A6DE /* pm0004_00_Body1Id.png in Resources */,
				F206F57E2575B3B900F1A6DE /* pm0058_00_EyeNor.png in Resources */,
				F206F5AE2575B41800F1A6DE /* pm0025_00_BodyANor_Alpha.png in Resources */,
				F206F57B2575B3B900F1A6DE /* pm0058_00_Eye1_Merged.png in Resources */,
				F206F5A62575B41800F1A6DE /* pm0025_00_Eye1Id.png in Resources */,
				F206F5C92575B42A00F1A6DE /* pm0004_00_FireStenA1Id.png in Resources */,
				F2C1B0512575B29200F9E6E2 /* Growlithe.scn in Resources */,
				F206F5872575B3F500F1A6DE /* pmxxx1_00_fi_head.png in Resources */,
				F206F5782575B3B900F1A6DE /* pm0058_00_BodyANor.png in Resources */,
				F206F59F2575B41800F1A6DE /* pm0025_00_BodyB1Id_F.png in Resources */,
				F206F5732575B3B900F1A6DE /* pm0058_00_BodyBNor.png in Resources */,
				F206F5FD2575B5D000F1A6DE /* pm0003_51_BodyB1.png in Resources */,
				F206F6072575B5D000F1A6DE /* pm0003_00_BodyCNor.png in Resources */,
				F2740554257500FD004DCBF1 /* Tag.txt in Resources */,
				F206F5A92575B41800F1A6DE /* pm0025_00_EyeNor.png in Resources */,
				F206F60C2575B5D000F1A6DE /* pm0003_51_BodyBNor_Alpha.png in Resources */,
				F206F59E2575B41800F1A6DE /* pm0025_00_Mouth1Id.png in Resources */,
				F206F6022575B5D000F1A6DE /* pm0003_00_BodyBMask.png in Resources */,
				F206F5AA2575B41800F1A6DE /* pm0025_00_Mouth1Id_F.png in Resources */,
				F206F5D12575B42A00F1A6DE /* pm0004_00_FireCoreA1Id.png in Resources */,
				F232EEBB2576B2EB00B2E5F2 /* pokeButon.png in Resources */,
				F206F5FF2575B5D000F1A6DE /* pm0003_00_BodyB1.png in Resources */,
				F206F5A02575B41800F1A6DE /* pm0025_00_BodyA1.png in Resources */,
				F206F60B2575B5D000F1A6DE /* pm0003_00_BodyB1Id.png in Resources */,
				F228D5532574469500865ADD /* LaunchScreen.storyboard in Resources */,
				F206F5CF2575B42A00F1A6DE /* pm0004_00_FireCoreA1.png in Resources */,
				F206F5A32575B41800F1A6DE /* pm0025_00_Eye1.png in Resources */,
				F206F5CC2575B42A00F1A6DE /* pm0004_00_FireCoreA2.png in Resources */,
				F206F5FB2575B5D000F1A6DE /* pm0003_00_BodyB1Id_F.png in Resources */,
				F206F5C52575B42A00F1A6DE /* pm0004_00_Eye1.png in Resources */,
				F232EEA92576AF8000B2E5F2 /* Assets.xcassets in Resources */,
				F274058225756D06004DCBF1 /* Mewtwo.scn in Resources */,
				F206F5772575B3B900F1A6DE /* pm0058_00_BodyA2.png in Resources */,
				F206F5742575B3B900F1A6DE /* pm0058_00_Iris1.png in Resources */,
				F206F5AD2575B41800F1A6DE /* pm0025_00_BodyB1.png in Resources */,
				F206F57C2575B3B900F1A6DE /* pm0058_00_BodyA1.png in Resources */,
				F206F5A42575B41800F1A6DE /* pm0025_00_BodyB1Id.png in Resources */,
				F206F5FC2575B5D000F1A6DE /* pm0003_00_BodyA1Id_F.png in Resources */,
				F274056D25752A6E004DCBF1 /* Charmander.scn in Resources */,
				F206F6132575B5D000F1A6DE /* pm0003_00_Eye1Id.png in Resources */,
				F228D5502574469500865ADD /* Assets.xcassets in Resources */,
				F206F5C62575B42A00F1A6DE /* pm0004_00_BodyNor_Alpha.png in Resources */,
				F206F5A72575B41800F1A6DE /* pm0025_00_MouthNor.png in Resources */,
				F206F6012575B5D000F1A6DE /* pm0003_00_Eye1Id_F.png in Resources */,
				F206F6042575B5D000F1A6DE /* pm0003_51_BodyA1.png in Resources */,
				F206F5D22575B42A00F1A6DE /* pm0004_00_BodyNor.png in Resources */,
				F206F6142575B5D000F1A6DE /* pm0003_00_BodyANor.png in Resources */,
				F278CCD52575B6F0001B4A5A /* Venusaur.scn in Resources */,
				F232EEA82576AF8000B2E5F2 /* MyParticle.sks in Resources */,
				F228D54E2574469300865ADD /* Main.storyboard in Resources */,
				F206F5AC2575B41800F1A6DE /* pm0025_00_BodyANor.png in Resources */,
				F206F6082575B5D000F1A6DE /* pm0003_00_BodyA1Id.png in Resources */,
				F206F60E2575B5D000F1A6DE /* pm0003_00_BodyC1.png in Resources */,
				F206F5A12575B41800F1A6DE /* pm0025_00_BodyBNor_Alpha.png in Resources */,
				F206F5752575B3B900F1A6DE /* pm0058_00_Eye1_Alpha.png in Resources */,
				F232EEB62576B26500B2E5F2 /* PokeballParticle.scnp in Resources */,
				F206F5A22575B41800F1A6DE /* pm0025_00_BodyA1Id.png in Resources */,
				F206F5C82575B42A00F1A6DE /* pm0004_00_Body1.png in Resources */,
				F206F5CD2575B42A00F1A6DE /* pm0004_00_Eye2.png in Resources */,
				F206F5CA2575B42A00F1A6DE /* pm0004_00_FireStenA1.png in Resources */,
				F2BBA6C42576476200902E4D /* Pokeball.scn in Resources */,
				F206F60D2575B5D000F1A6DE /* pm0003_00_BodyBNor.png in Resources */,
				F206F5CB2575B42A00F1A6DE /* pm0004_00_Eye1Id.png in Resources */,
				F206F6052575B5D000F1A6DE /* pm0003_51_BodyBMask.png in Resources */,
				F206F5792575B3B900F1A6DE /* pm0058_00_BodyB1.png in Resources */,
				F206F5FA2575B5D000F1A6DE /* pm0003_00_BodyBNor_Alpha.png in Resources */,
				F206F5C72575B42A00F1A6DE /* pm0004_00_FireStenA2.png in Resources */,
				F2740568257527F3004DCBF1 /* Pikachu.scn in Resources */,
				F206F57A2575B3B900F1A6DE /* pm0058_00_Eye2.png in Resources */,
				F206F5B02575B41800F1A6DE /* pm0025_00_Eye1Id_F.png in Resources */,
				F206F6112575B5D000F1A6DE /* pm0003_51_BodyBNor.png in Resources */,
				F206F6002575B5D000F1A6DE /* pm0003_00_BodyANor_Alpha.png in Resources */,
				F206F5D32575B42A00F1A6DE /* pm0004_00_Body2.png in Resources */,
				F206F5A82575B41800F1A6DE /* pm0025_00_Mouth1.png in Resources */,
				F206F5C42575B42A00F1A6DE /* pm0004_00_EyeNor.png in Resources */,
				F206F5852575B3F500F1A6DE /* PMxxx1_00_fi_body.png in Resources */,
				F206F5A52575B41800F1A6DE /* pm0025_00_BodyA1Id_F.png in Resources */,
				F206F5F92575B5D000F1A6DE /* pm0003_51_EyeNor.png in Resources */,
				F206F6102575B5D000F1A6DE /* pm0003_51_BodyANor_Alpha.png in Resources */,
				F206F6062575B5D000F1A6DE /* pm0003_51_Eye1.png in Resources */,
				F206F5D02575B42A00F1A6DE /* pm0004_00_FireStenAMask.png in Resources */,
				F206F60F2575B5D000F1A6DE /* pm0003_51_BodyANor.png in Resources */,
				F206F5AF2575B41800F1A6DE /* pm0025_00_BodyBInc.png in Resources */,
				F206F5762575B3B900F1A6DE /* pm0058_00_Eye1.png in Resources */,
				F206F6032575B5D000F1A6DE /* pm0003_00_BodyA1.png in Resources */,
				F206F6092575B5D000F1A6DE /* pm0003_00_EyeNor.png in Resources */,
				F228D5872574F79F00865ADD /* GameScene.scn in Resources */,
				F206F57D2575B3B900F1A6DE /* pm0058_00_Iris2.png in Resources */,
				F206F5FE2575B5D000F1A6DE /* pm0003_00_BodyC1Id.png in Resources */,
				F206F5862575B3F500F1A6DE /* PMxxx1_00_fi_face.png in Resources */,
			);
			runOnlyForDeploymentPostprocessing = 0;
		};
		F228D5572574469500865ADD /* Resources */ = {
			isa = PBXResourcesBuildPhase;
			buildActionMask = 2147483647;
			files = (
			);
			runOnlyForDeploymentPostprocessing = 0;
		};
		F228D5622574469500865ADD /* Resources */ = {
			isa = PBXResourcesBuildPhase;
			buildActionMask = 2147483647;
			files = (
			);
			runOnlyForDeploymentPostprocessing = 0;
		};
/* End PBXResourcesBuildPhase section */

/* Begin PBXSourcesBuildPhase section */
		F228D53F2574469300865ADD /* Sources */ = {
			isa = PBXSourcesBuildPhase;
			buildActionMask = 2147483647;
			files = (
				F274059725757C54004DCBF1 /* JSONDownloader.swift in Sources */,
				F274059225757B06004DCBF1 /* Endpoint.swift in Sources */,
				F27405A1257582FB004DCBF1 /* PokeError.swift in Sources */,
				F274058725757966004DCBF1 /* PokemonCard.swift in Sources */,
				F2BBA6D62576616B00902E4D /* Pokedex.swift in Sources */,
				F274057225754525004DCBF1 /* ImageDownloader.swift in Sources */,
				F27405A625758709004DCBF1 /* PokemonCardDetail.swift in Sources */,
				F2BBA6DB257662EE00902E4D /* PokeNode.swift in Sources */,
				F228D5472574469300865ADD /* AppDelegate.swift in Sources */,
				F232EEA225766B0500B2E5F2 /* Extensions.swift in Sources */,
				F274059C25757DAB004DCBF1 /* PokemonTCGAPI.swift in Sources */,
				F228D582257456B500865ADD /* PokemonViewerViewController.swift in Sources */,
				F228D5492574469300865ADD /* SceneDelegate.swift in Sources */,
				F2BBA6D12576611500902E4D /* ProfessorOak.swift in Sources */,
			);
			runOnlyForDeploymentPostprocessing = 0;
		};
		F228D5552574469500865ADD /* Sources */ = {
			isa = PBXSourcesBuildPhase;
			buildActionMask = 2147483647;
			files = (
				F228D55E2574469500865ADD /* PokemonScannerTests.swift in Sources */,
			);
			runOnlyForDeploymentPostprocessing = 0;
		};
		F228D5602574469500865ADD /* Sources */ = {
			isa = PBXSourcesBuildPhase;
			buildActionMask = 2147483647;
			files = (
				F228D5692574469500865ADD /* PokemonScannerUITests.swift in Sources */,
			);
			runOnlyForDeploymentPostprocessing = 0;
		};
/* End PBXSourcesBuildPhase section */

/* Begin PBXTargetDependency section */
		F228D55B2574469500865ADD /* PBXTargetDependency */ = {
			isa = PBXTargetDependency;
			target = F228D5422574469300865ADD /* PokemonScanner */;
			targetProxy = F228D55A2574469500865ADD /* PBXContainerItemProxy */;
		};
		F228D5662574469500865ADD /* PBXTargetDependency */ = {
			isa = PBXTargetDependency;
			target = F228D5422574469300865ADD /* PokemonScanner */;
			targetProxy = F228D5652574469500865ADD /* PBXContainerItemProxy */;
		};
/* End PBXTargetDependency section */

/* Begin PBXVariantGroup section */
		F228D54C2574469300865ADD /* Main.storyboard */ = {
			isa = PBXVariantGroup;
			children = (
				F228D54D2574469300865ADD /* Base */,
			);
			name = Main.storyboard;
			sourceTree = "<group>";
		};
		F228D5512574469500865ADD /* LaunchScreen.storyboard */ = {
			isa = PBXVariantGroup;
			children = (
				F228D5522574469500865ADD /* Base */,
			);
			name = LaunchScreen.storyboard;
			sourceTree = "<group>";
		};
/* End PBXVariantGroup section */

/* Begin XCBuildConfiguration section */
		F228D56B2574469500865ADD /* Debug */ = {
			isa = XCBuildConfiguration;
			buildSettings = {
				ALWAYS_SEARCH_USER_PATHS = NO;
				CLANG_ANALYZER_NONNULL = YES;
				CLANG_ANALYZER_NUMBER_OBJECT_CONVERSION = YES_AGGRESSIVE;
				CLANG_CXX_LANGUAGE_STANDARD = "gnu++14";
				CLANG_CXX_LIBRARY = "libc++";
				CLANG_ENABLE_MODULES = YES;
				CLANG_ENABLE_OBJC_ARC = YES;
				CLANG_ENABLE_OBJC_WEAK = YES;
				CLANG_WARN_BLOCK_CAPTURE_AUTORELEASING = YES;
				CLANG_WARN_BOOL_CONVERSION = YES;
				CLANG_WARN_COMMA = YES;
				CLANG_WARN_CONSTANT_CONVERSION = YES;
				CLANG_WARN_DEPRECATED_OBJC_IMPLEMENTATIONS = YES;
				CLANG_WARN_DIRECT_OBJC_ISA_USAGE = YES_ERROR;
				CLANG_WARN_DOCUMENTATION_COMMENTS = YES;
				CLANG_WARN_EMPTY_BODY = YES;
				CLANG_WARN_ENUM_CONVERSION = YES;
				CLANG_WARN_INFINITE_RECURSION = YES;
				CLANG_WARN_INT_CONVERSION = YES;
				CLANG_WARN_NON_LITERAL_NULL_CONVERSION = YES;
				CLANG_WARN_OBJC_IMPLICIT_RETAIN_SELF = YES;
				CLANG_WARN_OBJC_LITERAL_CONVERSION = YES;
				CLANG_WARN_OBJC_ROOT_CLASS = YES_ERROR;
				CLANG_WARN_QUOTED_INCLUDE_IN_FRAMEWORK_HEADER = YES;
				CLANG_WARN_RANGE_LOOP_ANALYSIS = YES;
				CLANG_WARN_STRICT_PROTOTYPES = YES;
				CLANG_WARN_SUSPICIOUS_MOVE = YES;
				CLANG_WARN_UNGUARDED_AVAILABILITY = YES_AGGRESSIVE;
				CLANG_WARN_UNREACHABLE_CODE = YES;
				CLANG_WARN__DUPLICATE_METHOD_MATCH = YES;
				COPY_PHASE_STRIP = NO;
				DEBUG_INFORMATION_FORMAT = dwarf;
				ENABLE_STRICT_OBJC_MSGSEND = YES;
				ENABLE_TESTABILITY = YES;
				GCC_C_LANGUAGE_STANDARD = gnu11;
				GCC_DYNAMIC_NO_PIC = NO;
				GCC_NO_COMMON_BLOCKS = YES;
				GCC_OPTIMIZATION_LEVEL = 0;
				GCC_PREPROCESSOR_DEFINITIONS = (
					"DEBUG=1",
					"$(inherited)",
				);
				GCC_WARN_64_TO_32_BIT_CONVERSION = YES;
				GCC_WARN_ABOUT_RETURN_TYPE = YES_ERROR;
				GCC_WARN_UNDECLARED_SELECTOR = YES;
				GCC_WARN_UNINITIALIZED_AUTOS = YES_AGGRESSIVE;
				GCC_WARN_UNUSED_FUNCTION = YES;
				GCC_WARN_UNUSED_VARIABLE = YES;
				IPHONEOS_DEPLOYMENT_TARGET = 14.2;
				MTL_ENABLE_DEBUG_INFO = INCLUDE_SOURCE;
				MTL_FAST_MATH = YES;
				ONLY_ACTIVE_ARCH = YES;
				SDKROOT = iphoneos;
				SWIFT_ACTIVE_COMPILATION_CONDITIONS = DEBUG;
				SWIFT_OPTIMIZATION_LEVEL = "-Onone";
			};
			name = Debug;
		};
		F228D56C2574469500865ADD /* Release */ = {
			isa = XCBuildConfiguration;
			buildSettings = {
				ALWAYS_SEARCH_USER_PATHS = NO;
				CLANG_ANALYZER_NONNULL = YES;
				CLANG_ANALYZER_NUMBER_OBJECT_CONVERSION = YES_AGGRESSIVE;
				CLANG_CXX_LANGUAGE_STANDARD = "gnu++14";
				CLANG_CXX_LIBRARY = "libc++";
				CLANG_ENABLE_MODULES = YES;
				CLANG_ENABLE_OBJC_ARC = YES;
				CLANG_ENABLE_OBJC_WEAK = YES;
				CLANG_WARN_BLOCK_CAPTURE_AUTORELEASING = YES;
				CLANG_WARN_BOOL_CONVERSION = YES;
				CLANG_WARN_COMMA = YES;
				CLANG_WARN_CONSTANT_CONVERSION = YES;
				CLANG_WARN_DEPRECATED_OBJC_IMPLEMENTATIONS = YES;
				CLANG_WARN_DIRECT_OBJC_ISA_USAGE = YES_ERROR;
				CLANG_WARN_DOCUMENTATION_COMMENTS = YES;
				CLANG_WARN_EMPTY_BODY = YES;
				CLANG_WARN_ENUM_CONVERSION = YES;
				CLANG_WARN_INFINITE_RECURSION = YES;
				CLANG_WARN_INT_CONVERSION = YES;
				CLANG_WARN_NON_LITERAL_NULL_CONVERSION = YES;
				CLANG_WARN_OBJC_IMPLICIT_RETAIN_SELF = YES;
				CLANG_WARN_OBJC_LITERAL_CONVERSION = YES;
				CLANG_WARN_OBJC_ROOT_CLASS = YES_ERROR;
				CLANG_WARN_QUOTED_INCLUDE_IN_FRAMEWORK_HEADER = YES;
				CLANG_WARN_RANGE_LOOP_ANALYSIS = YES;
				CLANG_WARN_STRICT_PROTOTYPES = YES;
				CLANG_WARN_SUSPICIOUS_MOVE = YES;
				CLANG_WARN_UNGUARDED_AVAILABILITY = YES_AGGRESSIVE;
				CLANG_WARN_UNREACHABLE_CODE = YES;
				CLANG_WARN__DUPLICATE_METHOD_MATCH = YES;
				COPY_PHASE_STRIP = NO;
				DEBUG_INFORMATION_FORMAT = "dwarf-with-dsym";
				ENABLE_NS_ASSERTIONS = NO;
				ENABLE_STRICT_OBJC_MSGSEND = YES;
				GCC_C_LANGUAGE_STANDARD = gnu11;
				GCC_NO_COMMON_BLOCKS = YES;
				GCC_WARN_64_TO_32_BIT_CONVERSION = YES;
				GCC_WARN_ABOUT_RETURN_TYPE = YES_ERROR;
				GCC_WARN_UNDECLARED_SELECTOR = YES;
				GCC_WARN_UNINITIALIZED_AUTOS = YES_AGGRESSIVE;
				GCC_WARN_UNUSED_FUNCTION = YES;
				GCC_WARN_UNUSED_VARIABLE = YES;
				IPHONEOS_DEPLOYMENT_TARGET = 14.2;
				MTL_ENABLE_DEBUG_INFO = NO;
				MTL_FAST_MATH = YES;
				SDKROOT = iphoneos;
				SWIFT_COMPILATION_MODE = wholemodule;
				SWIFT_OPTIMIZATION_LEVEL = "-O";
				VALIDATE_PRODUCT = YES;
			};
			name = Release;
		};
		F228D56E2574469500865ADD /* Debug */ = {
			isa = XCBuildConfiguration;
			buildSettings = {
				ASSETCATALOG_COMPILER_APPICON_NAME = AppIcon;
				ASSETCATALOG_COMPILER_GLOBAL_ACCENT_COLOR_NAME = AccentColor;
				CODE_SIGN_STYLE = Automatic;
				DEVELOPMENT_TEAM = 947BDAE7U7;
				INFOPLIST_FILE = PokemonScanner/Info.plist;
				LD_RUNPATH_SEARCH_PATHS = (
					"$(inherited)",
					"@executable_path/Frameworks",
				);
				PRODUCT_BUNDLE_IDENTIFIER = com.Bedhair.PokemonScanner;
				PRODUCT_NAME = "$(TARGET_NAME)";
				SWIFT_VERSION = 5.0;
				TARGETED_DEVICE_FAMILY = "1,2";
			};
			name = Debug;
		};
		F228D56F2574469500865ADD /* Release */ = {
			isa = XCBuildConfiguration;
			buildSettings = {
				ASSETCATALOG_COMPILER_APPICON_NAME = AppIcon;
				ASSETCATALOG_COMPILER_GLOBAL_ACCENT_COLOR_NAME = AccentColor;
				CODE_SIGN_STYLE = Automatic;
				DEVELOPMENT_TEAM = 947BDAE7U7;
				INFOPLIST_FILE = PokemonScanner/Info.plist;
				LD_RUNPATH_SEARCH_PATHS = (
					"$(inherited)",
					"@executable_path/Frameworks",
				);
				PRODUCT_BUNDLE_IDENTIFIER = com.Bedhair.PokemonScanner;
				PRODUCT_NAME = "$(TARGET_NAME)";
				SWIFT_VERSION = 5.0;
				TARGETED_DEVICE_FAMILY = "1,2";
			};
			name = Release;
		};
		F228D5712574469500865ADD /* Debug */ = {
			isa = XCBuildConfiguration;
			buildSettings = {
				ALWAYS_EMBED_SWIFT_STANDARD_LIBRARIES = YES;
				BUNDLE_LOADER = "$(TEST_HOST)";
				CODE_SIGN_STYLE = Automatic;
				DEVELOPMENT_TEAM = 947BDAE7U7;
				INFOPLIST_FILE = PokemonScannerTests/Info.plist;
				IPHONEOS_DEPLOYMENT_TARGET = 14.2;
				LD_RUNPATH_SEARCH_PATHS = (
					"$(inherited)",
					"@executable_path/Frameworks",
					"@loader_path/Frameworks",
				);
				PRODUCT_BUNDLE_IDENTIFIER = com.Bedhair.PokemonScannerTests;
				PRODUCT_NAME = "$(TARGET_NAME)";
				SWIFT_VERSION = 5.0;
				TARGETED_DEVICE_FAMILY = "1,2";
				TEST_HOST = "$(BUILT_PRODUCTS_DIR)/PokemonScanner.app/PokemonScanner";
			};
			name = Debug;
		};
		F228D5722574469500865ADD /* Release */ = {
			isa = XCBuildConfiguration;
			buildSettings = {
				ALWAYS_EMBED_SWIFT_STANDARD_LIBRARIES = YES;
				BUNDLE_LOADER = "$(TEST_HOST)";
				CODE_SIGN_STYLE = Automatic;
				DEVELOPMENT_TEAM = 947BDAE7U7;
				INFOPLIST_FILE = PokemonScannerTests/Info.plist;
				IPHONEOS_DEPLOYMENT_TARGET = 14.2;
				LD_RUNPATH_SEARCH_PATHS = (
					"$(inherited)",
					"@executable_path/Frameworks",
					"@loader_path/Frameworks",
				);
				PRODUCT_BUNDLE_IDENTIFIER = com.Bedhair.PokemonScannerTests;
				PRODUCT_NAME = "$(TARGET_NAME)";
				SWIFT_VERSION = 5.0;
				TARGETED_DEVICE_FAMILY = "1,2";
				TEST_HOST = "$(BUILT_PRODUCTS_DIR)/PokemonScanner.app/PokemonScanner";
			};
			name = Release;
		};
		F228D5742574469500865ADD /* Debug */ = {
			isa = XCBuildConfiguration;
			buildSettings = {
				ALWAYS_EMBED_SWIFT_STANDARD_LIBRARIES = YES;
				CODE_SIGN_STYLE = Automatic;
				DEVELOPMENT_TEAM = 947BDAE7U7;
				INFOPLIST_FILE = PokemonScannerUITests/Info.plist;
				LD_RUNPATH_SEARCH_PATHS = (
					"$(inherited)",
					"@executable_path/Frameworks",
					"@loader_path/Frameworks",
				);
				PRODUCT_BUNDLE_IDENTIFIER = com.Bedhair.PokemonScannerUITests;
				PRODUCT_NAME = "$(TARGET_NAME)";
				SWIFT_VERSION = 5.0;
				TARGETED_DEVICE_FAMILY = "1,2";
				TEST_TARGET_NAME = PokemonScanner;
			};
			name = Debug;
		};
		F228D5752574469500865ADD /* Release */ = {
			isa = XCBuildConfiguration;
			buildSettings = {
				ALWAYS_EMBED_SWIFT_STANDARD_LIBRARIES = YES;
				CODE_SIGN_STYLE = Automatic;
				DEVELOPMENT_TEAM = 947BDAE7U7;
				INFOPLIST_FILE = PokemonScannerUITests/Info.plist;
				LD_RUNPATH_SEARCH_PATHS = (
					"$(inherited)",
					"@executable_path/Frameworks",
					"@loader_path/Frameworks",
				);
				PRODUCT_BUNDLE_IDENTIFIER = com.Bedhair.PokemonScannerUITests;
				PRODUCT_NAME = "$(TARGET_NAME)";
				SWIFT_VERSION = 5.0;
				TARGETED_DEVICE_FAMILY = "1,2";
				TEST_TARGET_NAME = PokemonScanner;
			};
			name = Release;
		};
/* End XCBuildConfiguration section */

/* Begin XCConfigurationList section */
		F228D53E2574469300865ADD /* Build configuration list for PBXProject "PokemonScanner" */ = {
			isa = XCConfigurationList;
			buildConfigurations = (
				F228D56B2574469500865ADD /* Debug */,
				F228D56C2574469500865ADD /* Release */,
			);
			defaultConfigurationIsVisible = 0;
			defaultConfigurationName = Release;
		};
		F228D56D2574469500865ADD /* Build configuration list for PBXNativeTarget "PokemonScanner" */ = {
			isa = XCConfigurationList;
			buildConfigurations = (
				F228D56E2574469500865ADD /* Debug */,
				F228D56F2574469500865ADD /* Release */,
			);
			defaultConfigurationIsVisible = 0;
			defaultConfigurationName = Release;
		};
		F228D5702574469500865ADD /* Build configuration list for PBXNativeTarget "PokemonScannerTests" */ = {
			isa = XCConfigurationList;
			buildConfigurations = (
				F228D5712574469500865ADD /* Debug */,
				F228D5722574469500865ADD /* Release */,
			);
			defaultConfigurationIsVisible = 0;
			defaultConfigurationName = Release;
		};
		F228D5732574469500865ADD /* Build configuration list for PBXNativeTarget "PokemonScannerUITests" */ = {
			isa = XCConfigurationList;
			buildConfigurations = (
				F228D5742574469500865ADD /* Debug */,
				F228D5752574469500865ADD /* Release */,
			);
			defaultConfigurationIsVisible = 0;
			defaultConfigurationName = Release;
		};
/* End XCConfigurationList section */
	};
	rootObject = F228D53B2574469300865ADD /* Project object */;
}
